// !$*UTF8*$!
{
	archiveVersion = 1;
	classes = {
	};
	objectVersion = 50;
	objects = {

/* Begin PBXBuildFile section */
		4302316045809B371EE346D0 /* Pods_CHTestClient.framework in Frameworks */ = {isa = PBXBuildFile; fileRef = 01C6E2B4B37D5AEBC1152863 /* Pods_CHTestClient.framework */; };
		A91F78682155A0370066048E /* CryptojetioDataSource.swift in Sources */ = {isa = PBXBuildFile; fileRef = A91F78672155A0370066048E /* CryptojetioDataSource.swift */; };
		A91F786B2155B2010066048E /* MainStoryboard.storyboard in Resources */ = {isa = PBXBuildFile; fileRef = A91F786A2155B2010066048E /* MainStoryboard.storyboard */; };
		A91F786D2155B2530066048E /* CryptocurrenciesListViewController.swift in Sources */ = {isa = PBXBuildFile; fileRef = A91F786C2155B2530066048E /* CryptocurrenciesListViewController.swift */; };
		A91F786F2155B2AC0066048E /* CryptocurrenciesListViewModel.swift in Sources */ = {isa = PBXBuildFile; fileRef = A91F786E2155B2AC0066048E /* CryptocurrenciesListViewModel.swift */; };
		A96A9C132157981200EFED03 /* PortfolioViewController.swift in Sources */ = {isa = PBXBuildFile; fileRef = A96A9C122157981200EFED03 /* PortfolioViewController.swift */; };
		A96A9C1521579E7300EFED03 /* PortfolioViewModel.swift in Sources */ = {isa = PBXBuildFile; fileRef = A96A9C1421579E7300EFED03 /* PortfolioViewModel.swift */; };
		A96A9C172157A24100EFED03 /* PortfolioCoinModel.swift in Sources */ = {isa = PBXBuildFile; fileRef = A96A9C162157A24100EFED03 /* PortfolioCoinModel.swift */; };
		A96A9C192157A56000EFED03 /* RealmDataSource.swift in Sources */ = {isa = PBXBuildFile; fileRef = A96A9C182157A56000EFED03 /* RealmDataSource.swift */; };
		A96A9C2F2157D9AA00EFED03 /* PortfolioInfoTableViewCell.swift in Sources */ = {isa = PBXBuildFile; fileRef = A96A9C2D2157D9AA00EFED03 /* PortfolioInfoTableViewCell.swift */; };
		A96A9C302157D9AA00EFED03 /* PortfolioInfoTableViewCell.xib in Resources */ = {isa = PBXBuildFile; fileRef = A96A9C2E2157D9AA00EFED03 /* PortfolioInfoTableViewCell.xib */; };
		A96A9C332157E3FC00EFED03 /* ExchangeViewController.swift in Sources */ = {isa = PBXBuildFile; fileRef = A96A9C322157E3FC00EFED03 /* ExchangeViewController.swift */; };
		A96A9C352157E41100EFED03 /* ExchangeViewModel.swift in Sources */ = {isa = PBXBuildFile; fileRef = A96A9C342157E41100EFED03 /* ExchangeViewModel.swift */; };
		A9C9A9452156596900831BCD /* NetworkDataSource.swift in Sources */ = {isa = PBXBuildFile; fileRef = A9C9A9442156596900831BCD /* NetworkDataSource.swift */; };
		A9C9A95021567EBC00831BCD /* CoinData.swift in Sources */ = {isa = PBXBuildFile; fileRef = A9C9A94D21567EBB00831BCD /* CoinData.swift */; };
		A9C9A95121567EBC00831BCD /* Coins.swift in Sources */ = {isa = PBXBuildFile; fileRef = A9C9A94E21567EBB00831BCD /* Coins.swift */; };
		A9C9A95221567EBC00831BCD /* CoinResponse.swift in Sources */ = {isa = PBXBuildFile; fileRef = A9C9A94F21567EBB00831BCD /* CoinResponse.swift */; };
		A9E27A7F2156833F00718AB5 /* CoinDetailResponse.swift in Sources */ = {isa = PBXBuildFile; fileRef = A9E27A7E2156833F00718AB5 /* CoinDetailResponse.swift */; };
		A9E27A8221568E1100718AB5 /* Historical.swift in Sources */ = {isa = PBXBuildFile; fileRef = A9E27A8021568E1100718AB5 /* Historical.swift */; };
		A9E27A8321568E1100718AB5 /* HistoricalResponse.swift in Sources */ = {isa = PBXBuildFile; fileRef = A9E27A8121568E1100718AB5 /* HistoricalResponse.swift */; };
		A9E27A862156901700718AB5 /* PortfolioResponse.swift in Sources */ = {isa = PBXBuildFile; fileRef = A9E27A842156901700718AB5 /* PortfolioResponse.swift */; };
		A9E27A872156901700718AB5 /* PortfolioCoins.swift in Sources */ = {isa = PBXBuildFile; fileRef = A9E27A852156901700718AB5 /* PortfolioCoins.swift */; };
		A9E27A892156947000718AB5 /* PostTradeInput.swift in Sources */ = {isa = PBXBuildFile; fileRef = A9E27A882156947000718AB5 /* PostTradeInput.swift */; };
		A9E27A8C215694EC00718AB5 /* Trade.swift in Sources */ = {isa = PBXBuildFile; fileRef = A9E27A8A215694EC00718AB5 /* Trade.swift */; };
		A9E27A8D215694EC00718AB5 /* PostTradeResponse.swift in Sources */ = {isa = PBXBuildFile; fileRef = A9E27A8B215694EC00718AB5 /* PostTradeResponse.swift */; };
		A9E27A8F21569B4700718AB5 /* README.md in Resources */ = {isa = PBXBuildFile; fileRef = A9E27A8E21569B4700718AB5 /* README.md */; };
		A9E27A9121569FD200718AB5 /* BaseViewController.swift in Sources */ = {isa = PBXBuildFile; fileRef = A9E27A9021569FD200718AB5 /* BaseViewController.swift */; };
		A9E27A942156B31500718AB5 /* JustHUD.swift in Sources */ = {isa = PBXBuildFile; fileRef = A9E27A932156B31500718AB5 /* JustHUD.swift */; };
		A9E27A9A2156C0EE00718AB5 /* CoinInfoTableViewCell.swift in Sources */ = {isa = PBXBuildFile; fileRef = A9E27A982156C0EE00718AB5 /* CoinInfoTableViewCell.swift */; };
		A9E27A9B2156C0EE00718AB5 /* CoinInfoTableViewCell.xib in Resources */ = {isa = PBXBuildFile; fileRef = A9E27A992156C0EE00718AB5 /* CoinInfoTableViewCell.xib */; };
		A9E27A9E2156C14A00718AB5 /* LoadingTableViewCell.swift in Sources */ = {isa = PBXBuildFile; fileRef = A9E27A9C2156C14A00718AB5 /* LoadingTableViewCell.swift */; };
		A9E27A9F2156C14A00718AB5 /* LoadingTableViewCell.xib in Resources */ = {isa = PBXBuildFile; fileRef = A9E27A9D2156C14A00718AB5 /* LoadingTableViewCell.xib */; };
		A9E27AA22156C9ED00718AB5 /* StartListTableViewCell.swift in Sources */ = {isa = PBXBuildFile; fileRef = A9E27AA02156C9ED00718AB5 /* StartListTableViewCell.swift */; };
		A9E27AA32156C9ED00718AB5 /* StartListTableViewCell.xib in Resources */ = {isa = PBXBuildFile; fileRef = A9E27AA12156C9ED00718AB5 /* StartListTableViewCell.xib */; };
		A9E27AA62156D48600718AB5 /* Utils.swift in Sources */ = {isa = PBXBuildFile; fileRef = A9E27AA52156D48600718AB5 /* Utils.swift */; };
		A9E27AA82156DDBA00718AB5 /* Constants.swift in Sources */ = {isa = PBXBuildFile; fileRef = A9E27AA72156DDBA00718AB5 /* Constants.swift */; };
		A9E27AAA2156DE7C00718AB5 /* Extensions.swift in Sources */ = {isa = PBXBuildFile; fileRef = A9E27AA92156DE7C00718AB5 /* Extensions.swift */; };
		A9E27AAC2156E71300718AB5 /* CoinDetailViewController.swift in Sources */ = {isa = PBXBuildFile; fileRef = A9E27AAB2156E71300718AB5 /* CoinDetailViewController.swift */; };
		A9E27AAE2156EA9300718AB5 /* CoinDetailViewModel.swift in Sources */ = {isa = PBXBuildFile; fileRef = A9E27AAD2156EA9300718AB5 /* CoinDetailViewModel.swift */; };
		A9E27AB02156ECD800718AB5 /* PercentatgeView.swift in Sources */ = {isa = PBXBuildFile; fileRef = A9E27AAF2156ECD800718AB5 /* PercentatgeView.swift */; };
		A9E27AB22156ECE500718AB5 /* PercentatgeView.xib in Resources */ = {isa = PBXBuildFile; fileRef = A9E27AB12156ECE500718AB5 /* PercentatgeView.xib */; };
		A9F3337921559E4B002E159F /* AppDelegate.swift in Sources */ = {isa = PBXBuildFile; fileRef = A9F3337821559E4B002E159F /* AppDelegate.swift */; };
		A9F3338021559E4C002E159F /* Assets.xcassets in Resources */ = {isa = PBXBuildFile; fileRef = A9F3337F21559E4C002E159F /* Assets.xcassets */; };
		A9F3338321559E4C002E159F /* LaunchScreen.storyboard in Resources */ = {isa = PBXBuildFile; fileRef = A9F3338121559E4C002E159F /* LaunchScreen.storyboard */; };
/* End PBXBuildFile section */

/* Begin PBXFileReference section */
		01C6E2B4B37D5AEBC1152863 /* Pods_CHTestClient.framework */ = {isa = PBXFileReference; explicitFileType = wrapper.framework; includeInIndex = 0; path = Pods_CHTestClient.framework; sourceTree = BUILT_PRODUCTS_DIR; };
		27164690D00C92CA29463B7A /* Pods-CHTestClient.debug.xcconfig */ = {isa = PBXFileReference; includeInIndex = 1; lastKnownFileType = text.xcconfig; name = "Pods-CHTestClient.debug.xcconfig"; path = "Pods/Target Support Files/Pods-CHTestClient/Pods-CHTestClient.debug.xcconfig"; sourceTree = "<group>"; };
		A91F78672155A0370066048E /* CryptojetioDataSource.swift */ = {isa = PBXFileReference; lastKnownFileType = sourcecode.swift; path = CryptojetioDataSource.swift; sourceTree = "<group>"; };
		A91F786A2155B2010066048E /* MainStoryboard.storyboard */ = {isa = PBXFileReference; lastKnownFileType = file.storyboard; path = MainStoryboard.storyboard; sourceTree = "<group>"; };
		A91F786C2155B2530066048E /* CryptocurrenciesListViewController.swift */ = {isa = PBXFileReference; lastKnownFileType = sourcecode.swift; path = CryptocurrenciesListViewController.swift; sourceTree = "<group>"; };
		A91F786E2155B2AC0066048E /* CryptocurrenciesListViewModel.swift */ = {isa = PBXFileReference; lastKnownFileType = sourcecode.swift; path = CryptocurrenciesListViewModel.swift; sourceTree = "<group>"; };
		A96A9C122157981200EFED03 /* PortfolioViewController.swift */ = {isa = PBXFileReference; lastKnownFileType = sourcecode.swift; path = PortfolioViewController.swift; sourceTree = "<group>"; };
		A96A9C1421579E7300EFED03 /* PortfolioViewModel.swift */ = {isa = PBXFileReference; lastKnownFileType = sourcecode.swift; path = PortfolioViewModel.swift; sourceTree = "<group>"; };
		A96A9C162157A24100EFED03 /* PortfolioCoinModel.swift */ = {isa = PBXFileReference; lastKnownFileType = sourcecode.swift; path = PortfolioCoinModel.swift; sourceTree = "<group>"; };
		A96A9C182157A56000EFED03 /* RealmDataSource.swift */ = {isa = PBXFileReference; lastKnownFileType = sourcecode.swift; path = RealmDataSource.swift; sourceTree = "<group>"; };
		A96A9C2D2157D9AA00EFED03 /* PortfolioInfoTableViewCell.swift */ = {isa = PBXFileReference; lastKnownFileType = sourcecode.swift; path = PortfolioInfoTableViewCell.swift; sourceTree = "<group>"; };
		A96A9C2E2157D9AA00EFED03 /* PortfolioInfoTableViewCell.xib */ = {isa = PBXFileReference; lastKnownFileType = file.xib; path = PortfolioInfoTableViewCell.xib; sourceTree = "<group>"; };
		A96A9C322157E3FC00EFED03 /* ExchangeViewController.swift */ = {isa = PBXFileReference; lastKnownFileType = sourcecode.swift; path = ExchangeViewController.swift; sourceTree = "<group>"; };
		A96A9C342157E41100EFED03 /* ExchangeViewModel.swift */ = {isa = PBXFileReference; lastKnownFileType = sourcecode.swift; path = ExchangeViewModel.swift; sourceTree = "<group>"; };
		A9C9A9442156596900831BCD /* NetworkDataSource.swift */ = {isa = PBXFileReference; lastKnownFileType = sourcecode.swift; path = NetworkDataSource.swift; sourceTree = "<group>"; };
		A9C9A94D21567EBB00831BCD /* CoinData.swift */ = {isa = PBXFileReference; fileEncoding = 4; lastKnownFileType = sourcecode.swift; path = CoinData.swift; sourceTree = "<group>"; };
		A9C9A94E21567EBB00831BCD /* Coins.swift */ = {isa = PBXFileReference; fileEncoding = 4; lastKnownFileType = sourcecode.swift; path = Coins.swift; sourceTree = "<group>"; };
		A9C9A94F21567EBB00831BCD /* CoinResponse.swift */ = {isa = PBXFileReference; fileEncoding = 4; lastKnownFileType = sourcecode.swift; path = CoinResponse.swift; sourceTree = "<group>"; };
		A9E27A7E2156833F00718AB5 /* CoinDetailResponse.swift */ = {isa = PBXFileReference; fileEncoding = 4; lastKnownFileType = sourcecode.swift; path = CoinDetailResponse.swift; sourceTree = "<group>"; };
		A9E27A8021568E1100718AB5 /* Historical.swift */ = {isa = PBXFileReference; fileEncoding = 4; lastKnownFileType = sourcecode.swift; path = Historical.swift; sourceTree = "<group>"; };
		A9E27A8121568E1100718AB5 /* HistoricalResponse.swift */ = {isa = PBXFileReference; fileEncoding = 4; lastKnownFileType = sourcecode.swift; path = HistoricalResponse.swift; sourceTree = "<group>"; };
		A9E27A842156901700718AB5 /* PortfolioResponse.swift */ = {isa = PBXFileReference; fileEncoding = 4; lastKnownFileType = sourcecode.swift; path = PortfolioResponse.swift; sourceTree = "<group>"; };
		A9E27A852156901700718AB5 /* PortfolioCoins.swift */ = {isa = PBXFileReference; fileEncoding = 4; lastKnownFileType = sourcecode.swift; path = PortfolioCoins.swift; sourceTree = "<group>"; };
		A9E27A882156947000718AB5 /* PostTradeInput.swift */ = {isa = PBXFileReference; lastKnownFileType = sourcecode.swift; path = PostTradeInput.swift; sourceTree = "<group>"; };
		A9E27A8A215694EC00718AB5 /* Trade.swift */ = {isa = PBXFileReference; fileEncoding = 4; lastKnownFileType = sourcecode.swift; path = Trade.swift; sourceTree = "<group>"; };
		A9E27A8B215694EC00718AB5 /* PostTradeResponse.swift */ = {isa = PBXFileReference; fileEncoding = 4; lastKnownFileType = sourcecode.swift; path = PostTradeResponse.swift; sourceTree = "<group>"; };
		A9E27A8E21569B4700718AB5 /* README.md */ = {isa = PBXFileReference; fileEncoding = 4; lastKnownFileType = net.daringfireball.markdown; path = README.md; sourceTree = "<group>"; };
		A9E27A9021569FD200718AB5 /* BaseViewController.swift */ = {isa = PBXFileReference; lastKnownFileType = sourcecode.swift; path = BaseViewController.swift; sourceTree = "<group>"; };
		A9E27A932156B31500718AB5 /* JustHUD.swift */ = {isa = PBXFileReference; fileEncoding = 4; lastKnownFileType = sourcecode.swift; path = JustHUD.swift; sourceTree = "<group>"; };
		A9E27A982156C0EE00718AB5 /* CoinInfoTableViewCell.swift */ = {isa = PBXFileReference; lastKnownFileType = sourcecode.swift; path = CoinInfoTableViewCell.swift; sourceTree = "<group>"; };
		A9E27A992156C0EE00718AB5 /* CoinInfoTableViewCell.xib */ = {isa = PBXFileReference; lastKnownFileType = file.xib; path = CoinInfoTableViewCell.xib; sourceTree = "<group>"; };
		A9E27A9C2156C14A00718AB5 /* LoadingTableViewCell.swift */ = {isa = PBXFileReference; lastKnownFileType = sourcecode.swift; path = LoadingTableViewCell.swift; sourceTree = "<group>"; };
		A9E27A9D2156C14A00718AB5 /* LoadingTableViewCell.xib */ = {isa = PBXFileReference; lastKnownFileType = file.xib; path = LoadingTableViewCell.xib; sourceTree = "<group>"; };
		A9E27AA02156C9ED00718AB5 /* StartListTableViewCell.swift */ = {isa = PBXFileReference; lastKnownFileType = sourcecode.swift; path = StartListTableViewCell.swift; sourceTree = "<group>"; };
		A9E27AA12156C9ED00718AB5 /* StartListTableViewCell.xib */ = {isa = PBXFileReference; lastKnownFileType = file.xib; path = StartListTableViewCell.xib; sourceTree = "<group>"; };
		A9E27AA52156D48600718AB5 /* Utils.swift */ = {isa = PBXFileReference; lastKnownFileType = sourcecode.swift; path = Utils.swift; sourceTree = "<group>"; };
		A9E27AA72156DDBA00718AB5 /* Constants.swift */ = {isa = PBXFileReference; lastKnownFileType = sourcecode.swift; path = Constants.swift; sourceTree = "<group>"; };
		A9E27AA92156DE7C00718AB5 /* Extensions.swift */ = {isa = PBXFileReference; lastKnownFileType = sourcecode.swift; path = Extensions.swift; sourceTree = "<group>"; };
		A9E27AAB2156E71300718AB5 /* CoinDetailViewController.swift */ = {isa = PBXFileReference; lastKnownFileType = sourcecode.swift; path = CoinDetailViewController.swift; sourceTree = "<group>"; };
		A9E27AAD2156EA9300718AB5 /* CoinDetailViewModel.swift */ = {isa = PBXFileReference; lastKnownFileType = sourcecode.swift; path = CoinDetailViewModel.swift; sourceTree = "<group>"; };
		A9E27AAF2156ECD800718AB5 /* PercentatgeView.swift */ = {isa = PBXFileReference; lastKnownFileType = sourcecode.swift; path = PercentatgeView.swift; sourceTree = "<group>"; };
		A9E27AB12156ECE500718AB5 /* PercentatgeView.xib */ = {isa = PBXFileReference; lastKnownFileType = file.xib; path = PercentatgeView.xib; sourceTree = "<group>"; };
		A9F3337521559E4B002E159F /* CHTestClient.app */ = {isa = PBXFileReference; explicitFileType = wrapper.application; includeInIndex = 0; path = CHTestClient.app; sourceTree = BUILT_PRODUCTS_DIR; };
		A9F3337821559E4B002E159F /* AppDelegate.swift */ = {isa = PBXFileReference; lastKnownFileType = sourcecode.swift; path = AppDelegate.swift; sourceTree = "<group>"; };
		A9F3337F21559E4C002E159F /* Assets.xcassets */ = {isa = PBXFileReference; lastKnownFileType = folder.assetcatalog; path = Assets.xcassets; sourceTree = "<group>"; };
		A9F3338221559E4C002E159F /* Base */ = {isa = PBXFileReference; lastKnownFileType = file.storyboard; name = Base; path = Base.lproj/LaunchScreen.storyboard; sourceTree = "<group>"; };
		A9F3338421559E4C002E159F /* Info.plist */ = {isa = PBXFileReference; lastKnownFileType = text.plist.xml; path = Info.plist; sourceTree = "<group>"; };
		F4B8E9763D4C7036537585E0 /* Pods-CHTestClient.release.xcconfig */ = {isa = PBXFileReference; includeInIndex = 1; lastKnownFileType = text.xcconfig; name = "Pods-CHTestClient.release.xcconfig"; path = "Pods/Target Support Files/Pods-CHTestClient/Pods-CHTestClient.release.xcconfig"; sourceTree = "<group>"; };
/* End PBXFileReference section */

/* Begin PBXFrameworksBuildPhase section */
		A9F3337221559E4B002E159F /* Frameworks */ = {
			isa = PBXFrameworksBuildPhase;
			buildActionMask = 2147483647;
			files = (
				4302316045809B371EE346D0 /* Pods_CHTestClient.framework in Frameworks */,
			);
			runOnlyForDeploymentPostprocessing = 0;
		};
/* End PBXFrameworksBuildPhase section */

/* Begin PBXGroup section */
		548807B1B81A2FBB2A19DA46 /* Frameworks */ = {
			isa = PBXGroup;
			children = (
				01C6E2B4B37D5AEBC1152863 /* Pods_CHTestClient.framework */,
			);
			name = Frameworks;
			sourceTree = "<group>";
		};
		A91F786321559FBC0066048E /* ViewModels */ = {
			isa = PBXGroup;
			children = (
				A91F786E2155B2AC0066048E /* CryptocurrenciesListViewModel.swift */,
				A9E27AAD2156EA9300718AB5 /* CoinDetailViewModel.swift */,
				A96A9C1421579E7300EFED03 /* PortfolioViewModel.swift */,
				A96A9C342157E41100EFED03 /* ExchangeViewModel.swift */,
			);
			path = ViewModels;
			sourceTree = "<group>";
		};
		A91F786421559FC50066048E /* DataSource */ = {
			isa = PBXGroup;
			children = (
				A9C9A9442156596900831BCD /* NetworkDataSource.swift */,
				A91F78672155A0370066048E /* CryptojetioDataSource.swift */,
				A96A9C182157A56000EFED03 /* RealmDataSource.swift */,
			);
			path = DataSource;
			sourceTree = "<group>";
		};
		A91F786521559FCD0066048E /* Controllers */ = {
			isa = PBXGroup;
			children = (
				A9E27A9021569FD200718AB5 /* BaseViewController.swift */,
				A91F786C2155B2530066048E /* CryptocurrenciesListViewController.swift */,
				A9E27AAB2156E71300718AB5 /* CoinDetailViewController.swift */,
				A96A9C122157981200EFED03 /* PortfolioViewController.swift */,
				A96A9C322157E3FC00EFED03 /* ExchangeViewController.swift */,
			);
			path = Controllers;
			sourceTree = "<group>";
		};
		A91F786621559FD50066048E /* Views */ = {
			isa = PBXGroup;
			children = (
				A9E27AB32156EDDB00718AB5 /* Custom Views */,
				A91F78732155B7460066048E /* Cells */,
				A91F786A2155B2010066048E /* MainStoryboard.storyboard */,
			);
			path = Views;
			sourceTree = "<group>";
		};
		A91F78702155B6DC0066048E /* Models */ = {
			isa = PBXGroup;
			children = (
				A9C9A94621566BDB00831BCD /* Autogenerated */,
				A96A9C162157A24100EFED03 /* PortfolioCoinModel.swift */,
			);
			path = Models;
			sourceTree = "<group>";
		};
		A91F78732155B7460066048E /* Cells */ = {
			isa = PBXGroup;
			children = (
				A9E27A982156C0EE00718AB5 /* CoinInfoTableViewCell.swift */,
				A9E27A992156C0EE00718AB5 /* CoinInfoTableViewCell.xib */,
				A9E27A9C2156C14A00718AB5 /* LoadingTableViewCell.swift */,
				A9E27A9D2156C14A00718AB5 /* LoadingTableViewCell.xib */,
				A9E27AA02156C9ED00718AB5 /* StartListTableViewCell.swift */,
				A9E27AA12156C9ED00718AB5 /* StartListTableViewCell.xib */,
				A96A9C2D2157D9AA00EFED03 /* PortfolioInfoTableViewCell.swift */,
				A96A9C2E2157D9AA00EFED03 /* PortfolioInfoTableViewCell.xib */,
			);
			path = Cells;
			sourceTree = "<group>";
		};
		A9C9A94621566BDB00831BCD /* Autogenerated */ = {
			isa = PBXGroup;
			children = (
				A9C9A94E21567EBB00831BCD /* Coins.swift */,
				A9C9A94D21567EBB00831BCD /* CoinData.swift */,
				A9C9A94F21567EBB00831BCD /* CoinResponse.swift */,
				A9E27A7E2156833F00718AB5 /* CoinDetailResponse.swift */,
				A9E27A8021568E1100718AB5 /* Historical.swift */,
				A9E27A8121568E1100718AB5 /* HistoricalResponse.swift */,
				A9E27A852156901700718AB5 /* PortfolioCoins.swift */,
				A9E27A842156901700718AB5 /* PortfolioResponse.swift */,
				A9E27A8A215694EC00718AB5 /* Trade.swift */,
				A9E27A8B215694EC00718AB5 /* PostTradeResponse.swift */,
				A9E27A882156947000718AB5 /* PostTradeInput.swift */,
			);
			path = Autogenerated;
			sourceTree = "<group>";
		};
		A9E27A922156B15000718AB5 /* External Code */ = {
			isa = PBXGroup;
			children = (
				A9E27A932156B31500718AB5 /* JustHUD.swift */,
			);
			path = "External Code";
			sourceTree = "<group>";
		};
		A9E27AA42156D47700718AB5 /* Utils */ = {
			isa = PBXGroup;
			children = (
				A9E27AA52156D48600718AB5 /* Utils.swift */,
				A9E27AA72156DDBA00718AB5 /* Constants.swift */,
				A9E27AA92156DE7C00718AB5 /* Extensions.swift */,
			);
			path = Utils;
			sourceTree = "<group>";
		};
		A9E27AB32156EDDB00718AB5 /* Custom Views */ = {
			isa = PBXGroup;
			children = (
				A9E27AAF2156ECD800718AB5 /* PercentatgeView.swift */,
				A9E27AB12156ECE500718AB5 /* PercentatgeView.xib */,
			);
			path = "Custom Views";
			sourceTree = "<group>";
		};
		A9F3336C21559E4B002E159F = {
			isa = PBXGroup;
			children = (
				A9E27A8E21569B4700718AB5 /* README.md */,
				A9F3337721559E4B002E159F /* CHTestClient */,
				A9F3337621559E4B002E159F /* Products */,
				C65FBFDD407B22AC40C0F881 /* Pods */,
				548807B1B81A2FBB2A19DA46 /* Frameworks */,
			);
			sourceTree = "<group>";
		};
		A9F3337621559E4B002E159F /* Products */ = {
			isa = PBXGroup;
			children = (
				A9F3337521559E4B002E159F /* CHTestClient.app */,
			);
			name = Products;
			sourceTree = "<group>";
		};
		A9F3337721559E4B002E159F /* CHTestClient */ = {
			isa = PBXGroup;
			children = (
				A9E27AA42156D47700718AB5 /* Utils */,
				A91F78702155B6DC0066048E /* Models */,
				A91F786421559FC50066048E /* DataSource */,
				A91F786621559FD50066048E /* Views */,
				A91F786521559FCD0066048E /* Controllers */,
				A91F786321559FBC0066048E /* ViewModels */,
				A9F3337821559E4B002E159F /* AppDelegate.swift */,
				A9F3337F21559E4C002E159F /* Assets.xcassets */,
				A9F3338121559E4C002E159F /* LaunchScreen.storyboard */,
				A9F3338421559E4C002E159F /* Info.plist */,
				A9E27A922156B15000718AB5 /* External Code */,
			);
			path = CHTestClient;
			sourceTree = "<group>";
		};
		C65FBFDD407B22AC40C0F881 /* Pods */ = {
			isa = PBXGroup;
			children = (
				27164690D00C92CA29463B7A /* Pods-CHTestClient.debug.xcconfig */,
				F4B8E9763D4C7036537585E0 /* Pods-CHTestClient.release.xcconfig */,
			);
			name = Pods;
			sourceTree = "<group>";
		};
/* End PBXGroup section */

/* Begin PBXNativeTarget section */
		A9F3337421559E4B002E159F /* CHTestClient */ = {
			isa = PBXNativeTarget;
			buildConfigurationList = A9F3338721559E4C002E159F /* Build configuration list for PBXNativeTarget "CHTestClient" */;
			buildPhases = (
				0A9AF268EAC897A83067D890 /* [CP] Check Pods Manifest.lock */,
				A9F3337121559E4B002E159F /* Sources */,
				A9F3337221559E4B002E159F /* Frameworks */,
				A9F3337321559E4B002E159F /* Resources */,
				EDA5BF227B39438DB770105F /* [CP] Embed Pods Frameworks */,
				B628D58C66AB38FA79FB24E3 /* [CP] Copy Pods Resources */,
			);
			buildRules = (
			);
			dependencies = (
			);
			name = CHTestClient;
			productName = CHTestClient;
			productReference = A9F3337521559E4B002E159F /* CHTestClient.app */;
			productType = "com.apple.product-type.application";
		};
/* End PBXNativeTarget section */

/* Begin PBXProject section */
		A9F3336D21559E4B002E159F /* Project object */ = {
			isa = PBXProject;
			attributes = {
				LastSwiftUpdateCheck = 1000;
				LastUpgradeCheck = 1000;
				ORGANIZATIONNAME = "Alejandro Quibus";
				TargetAttributes = {
					A9F3337421559E4B002E159F = {
						CreatedOnToolsVersion = 10.0;
					};
				};
			};
			buildConfigurationList = A9F3337021559E4B002E159F /* Build configuration list for PBXProject "CHTestClient" */;
			compatibilityVersion = "Xcode 9.3";
			developmentRegion = en;
			hasScannedForEncodings = 0;
			knownRegions = (
				en,
				Base,
			);
			mainGroup = A9F3336C21559E4B002E159F;
			productRefGroup = A9F3337621559E4B002E159F /* Products */;
			projectDirPath = "";
			projectRoot = "";
			targets = (
				A9F3337421559E4B002E159F /* CHTestClient */,
			);
		};
/* End PBXProject section */

/* Begin PBXResourcesBuildPhase section */
		A9F3337321559E4B002E159F /* Resources */ = {
			isa = PBXResourcesBuildPhase;
			buildActionMask = 2147483647;
			files = (
				A9E27AA32156C9ED00718AB5 /* StartListTableViewCell.xib in Resources */,
				A96A9C302157D9AA00EFED03 /* PortfolioInfoTableViewCell.xib in Resources */,
				A9E27AB22156ECE500718AB5 /* PercentatgeView.xib in Resources */,
				A9E27A9F2156C14A00718AB5 /* LoadingTableViewCell.xib in Resources */,
				A9E27A9B2156C0EE00718AB5 /* CoinInfoTableViewCell.xib in Resources */,
				A91F786B2155B2010066048E /* MainStoryboard.storyboard in Resources */,
				A9F3338321559E4C002E159F /* LaunchScreen.storyboard in Resources */,
				A9E27A8F21569B4700718AB5 /* README.md in Resources */,
				A9F3338021559E4C002E159F /* Assets.xcassets in Resources */,
			);
			runOnlyForDeploymentPostprocessing = 0;
		};
/* End PBXResourcesBuildPhase section */

/* Begin PBXShellScriptBuildPhase section */
		0A9AF268EAC897A83067D890 /* [CP] Check Pods Manifest.lock */ = {
			isa = PBXShellScriptBuildPhase;
			buildActionMask = 2147483647;
			files = (
			);
			inputPaths = (
				"${PODS_PODFILE_DIR_PATH}/Podfile.lock",
				"${PODS_ROOT}/Manifest.lock",
			);
			name = "[CP] Check Pods Manifest.lock";
			outputPaths = (
				"$(DERIVED_FILE_DIR)/Pods-CHTestClient-checkManifestLockResult.txt",
			);
			runOnlyForDeploymentPostprocessing = 0;
			shellPath = /bin/sh;
			shellScript = "diff \"${PODS_PODFILE_DIR_PATH}/Podfile.lock\" \"${PODS_ROOT}/Manifest.lock\" > /dev/null\nif [ $? != 0 ] ; then\n    # print error to STDERR\n    echo \"error: The sandbox is not in sync with the Podfile.lock. Run 'pod install' or update your CocoaPods installation.\" >&2\n    exit 1\nfi\n# This output is used by Xcode 'outputs' to avoid re-running this script phase.\necho \"SUCCESS\" > \"${SCRIPT_OUTPUT_FILE_0}\"\n";
			showEnvVarsInLog = 0;
		};
		B628D58C66AB38FA79FB24E3 /* [CP] Copy Pods Resources */ = {
			isa = PBXShellScriptBuildPhase;
			buildActionMask = 2147483647;
			files = (
			);
			inputPaths = (
			);
			name = "[CP] Copy Pods Resources";
			outputPaths = (
			);
			runOnlyForDeploymentPostprocessing = 0;
			shellPath = /bin/sh;
			shellScript = "\"${SRCROOT}/Pods/Target Support Files/Pods-CHTestClient/Pods-CHTestClient-resources.sh\"\n";
			showEnvVarsInLog = 0;
		};
		EDA5BF227B39438DB770105F /* [CP] Embed Pods Frameworks */ = {
			isa = PBXShellScriptBuildPhase;
			buildActionMask = 2147483647;
			files = (
			);
			inputPaths = (
				"${SRCROOT}/Pods/Target Support Files/Pods-CHTestClient/Pods-CHTestClient-frameworks.sh",
				"${BUILT_PRODUCTS_DIR}/Alamofire/Alamofire.framework",
				"${BUILT_PRODUCTS_DIR}/CDAlertView/CDAlertView.framework",
				"${BUILT_PRODUCTS_DIR}/Charts/Charts.framework",
				"${BUILT_PRODUCTS_DIR}/Realm/Realm.framework",
				"${BUILT_PRODUCTS_DIR}/RealmSwift/RealmSwift.framework",
			);
			name = "[CP] Embed Pods Frameworks";
			outputPaths = (
				"${TARGET_BUILD_DIR}/${FRAMEWORKS_FOLDER_PATH}/Alamofire.framework",
				"${TARGET_BUILD_DIR}/${FRAMEWORKS_FOLDER_PATH}/CDAlertView.framework",
				"${TARGET_BUILD_DIR}/${FRAMEWORKS_FOLDER_PATH}/Charts.framework",
				"${TARGET_BUILD_DIR}/${FRAMEWORKS_FOLDER_PATH}/Realm.framework",
				"${TARGET_BUILD_DIR}/${FRAMEWORKS_FOLDER_PATH}/RealmSwift.framework",
			);
			runOnlyForDeploymentPostprocessing = 0;
			shellPath = /bin/sh;
			shellScript = "\"${SRCROOT}/Pods/Target Support Files/Pods-CHTestClient/Pods-CHTestClient-frameworks.sh\"\n";
			showEnvVarsInLog = 0;
		};
/* End PBXShellScriptBuildPhase section */

/* Begin PBXSourcesBuildPhase section */
		A9F3337121559E4B002E159F /* Sources */ = {
			isa = PBXSourcesBuildPhase;
			buildActionMask = 2147483647;
			files = (
				A9F3337921559E4B002E159F /* AppDelegate.swift in Sources */,
				A9E27A942156B31500718AB5 /* JustHUD.swift in Sources */,
				A9C9A95021567EBC00831BCD /* CoinData.swift in Sources */,
				A96A9C172157A24100EFED03 /* PortfolioCoinModel.swift in Sources */,
				A9E27A7F2156833F00718AB5 /* CoinDetailResponse.swift in Sources */,
				A9E27A862156901700718AB5 /* PortfolioResponse.swift in Sources */,
				A96A9C132157981200EFED03 /* PortfolioViewController.swift in Sources */,
				A91F786D2155B2530066048E /* CryptocurrenciesListViewController.swift in Sources */,
				A96A9C192157A56000EFED03 /* RealmDataSource.swift in Sources */,
				A96A9C352157E41100EFED03 /* ExchangeViewModel.swift in Sources */,
				A9E27AA82156DDBA00718AB5 /* Constants.swift in Sources */,
				A96A9C332157E3FC00EFED03 /* ExchangeViewController.swift in Sources */,
				A9E27A9A2156C0EE00718AB5 /* CoinInfoTableViewCell.swift in Sources */,
				A9E27AA62156D48600718AB5 /* Utils.swift in Sources */,
				A9E27AAC2156E71300718AB5 /* CoinDetailViewController.swift in Sources */,
				A9E27A8C215694EC00718AB5 /* Trade.swift in Sources */,
				A9C9A95121567EBC00831BCD /* Coins.swift in Sources */,
				A9E27A9121569FD200718AB5 /* BaseViewController.swift in Sources */,
				A96A9C2F2157D9AA00EFED03 /* PortfolioInfoTableViewCell.swift in Sources */,
				A9E27A9E2156C14A00718AB5 /* LoadingTableViewCell.swift in Sources */,
				A9E27A8D215694EC00718AB5 /* PostTradeResponse.swift in Sources */,
				A9E27A8221568E1100718AB5 /* Historical.swift in Sources */,
				A91F786F2155B2AC0066048E /* CryptocurrenciesListViewModel.swift in Sources */,
				A9E27AA22156C9ED00718AB5 /* StartListTableViewCell.swift in Sources */,
				A9C9A95221567EBC00831BCD /* CoinResponse.swift in Sources */,
				A9E27A8321568E1100718AB5 /* HistoricalResponse.swift in Sources */,
				A9E27AB02156ECD800718AB5 /* PercentatgeView.swift in Sources */,
				A9E27AAE2156EA9300718AB5 /* CoinDetailViewModel.swift in Sources */,
				A9E27AAA2156DE7C00718AB5 /* Extensions.swift in Sources */,
				A9C9A9452156596900831BCD /* NetworkDataSource.swift in Sources */,
				A96A9C1521579E7300EFED03 /* PortfolioViewModel.swift in Sources */,
				A9E27A872156901700718AB5 /* PortfolioCoins.swift in Sources */,
				A91F78682155A0370066048E /* CryptojetioDataSource.swift in Sources */,
				A9E27A892156947000718AB5 /* PostTradeInput.swift in Sources */,
			);
			runOnlyForDeploymentPostprocessing = 0;
		};
/* End PBXSourcesBuildPhase section */

/* Begin PBXVariantGroup section */
		A9F3338121559E4C002E159F /* LaunchScreen.storyboard */ = {
			isa = PBXVariantGroup;
			children = (
				A9F3338221559E4C002E159F /* Base */,
			);
			name = LaunchScreen.storyboard;
			sourceTree = "<group>";
		};
/* End PBXVariantGroup section */

/* Begin XCBuildConfiguration section */
		A9F3338521559E4C002E159F /* Debug */ = {
			isa = XCBuildConfiguration;
			buildSettings = {
				ALWAYS_SEARCH_USER_PATHS = NO;
				CLANG_ANALYZER_NONNULL = YES;
				CLANG_ANALYZER_NUMBER_OBJECT_CONVERSION = YES_AGGRESSIVE;
				CLANG_CXX_LANGUAGE_STANDARD = "gnu++14";
				CLANG_CXX_LIBRARY = "libc++";
				CLANG_ENABLE_MODULES = YES;
				CLANG_ENABLE_OBJC_ARC = YES;
				CLANG_ENABLE_OBJC_WEAK = YES;
				CLANG_WARN_BLOCK_CAPTURE_AUTORELEASING = YES;
				CLANG_WARN_BOOL_CONVERSION = YES;
				CLANG_WARN_COMMA = YES;
				CLANG_WARN_CONSTANT_CONVERSION = YES;
				CLANG_WARN_DEPRECATED_OBJC_IMPLEMENTATIONS = YES;
				CLANG_WARN_DIRECT_OBJC_ISA_USAGE = YES_ERROR;
				CLANG_WARN_DOCUMENTATION_COMMENTS = YES;
				CLANG_WARN_EMPTY_BODY = YES;
				CLANG_WARN_ENUM_CONVERSION = YES;
				CLANG_WARN_INFINITE_RECURSION = YES;
				CLANG_WARN_INT_CONVERSION = YES;
				CLANG_WARN_NON_LITERAL_NULL_CONVERSION = YES;
				CLANG_WARN_OBJC_IMPLICIT_RETAIN_SELF = YES;
				CLANG_WARN_OBJC_LITERAL_CONVERSION = YES;
				CLANG_WARN_OBJC_ROOT_CLASS = YES_ERROR;
				CLANG_WARN_RANGE_LOOP_ANALYSIS = YES;
				CLANG_WARN_STRICT_PROTOTYPES = YES;
				CLANG_WARN_SUSPICIOUS_MOVE = YES;
				CLANG_WARN_UNGUARDED_AVAILABILITY = YES_AGGRESSIVE;
				CLANG_WARN_UNREACHABLE_CODE = YES;
				CLANG_WARN__DUPLICATE_METHOD_MATCH = YES;
				CODE_SIGN_IDENTITY = "iPhone Developer";
				COPY_PHASE_STRIP = NO;
				DEBUG_INFORMATION_FORMAT = dwarf;
				ENABLE_STRICT_OBJC_MSGSEND = YES;
				ENABLE_TESTABILITY = YES;
				GCC_C_LANGUAGE_STANDARD = gnu11;
				GCC_DYNAMIC_NO_PIC = NO;
				GCC_NO_COMMON_BLOCKS = YES;
				GCC_OPTIMIZATION_LEVEL = 0;
				GCC_PREPROCESSOR_DEFINITIONS = (
					"DEBUG=1",
					"$(inherited)",
				);
				GCC_WARN_64_TO_32_BIT_CONVERSION = YES;
				GCC_WARN_ABOUT_RETURN_TYPE = YES_ERROR;
				GCC_WARN_UNDECLARED_SELECTOR = YES;
				GCC_WARN_UNINITIALIZED_AUTOS = YES_AGGRESSIVE;
				GCC_WARN_UNUSED_FUNCTION = YES;
				GCC_WARN_UNUSED_VARIABLE = YES;
				IPHONEOS_DEPLOYMENT_TARGET = 12.0;
				MTL_ENABLE_DEBUG_INFO = INCLUDE_SOURCE;
				MTL_FAST_MATH = YES;
				ONLY_ACTIVE_ARCH = YES;
				SDKROOT = iphoneos;
				SWIFT_ACTIVE_COMPILATION_CONDITIONS = DEBUG;
				SWIFT_OPTIMIZATION_LEVEL = "-Onone";
			};
			name = Debug;
		};
		A9F3338621559E4C002E159F /* Release */ = {
			isa = XCBuildConfiguration;
			buildSettings = {
				ALWAYS_SEARCH_USER_PATHS = NO;
				CLANG_ANALYZER_NONNULL = YES;
				CLANG_ANALYZER_NUMBER_OBJECT_CONVERSION = YES_AGGRESSIVE;
				CLANG_CXX_LANGUAGE_STANDARD = "gnu++14";
				CLANG_CXX_LIBRARY = "libc++";
				CLANG_ENABLE_MODULES = YES;
				CLANG_ENABLE_OBJC_ARC = YES;
				CLANG_ENABLE_OBJC_WEAK = YES;
				CLANG_WARN_BLOCK_CAPTURE_AUTORELEASING = YES;
				CLANG_WARN_BOOL_CONVERSION = YES;
				CLANG_WARN_COMMA = YES;
				CLANG_WARN_CONSTANT_CONVERSION = YES;
				CLANG_WARN_DEPRECATED_OBJC_IMPLEMENTATIONS = YES;
				CLANG_WARN_DIRECT_OBJC_ISA_USAGE = YES_ERROR;
				CLANG_WARN_DOCUMENTATION_COMMENTS = YES;
				CLANG_WARN_EMPTY_BODY = YES;
				CLANG_WARN_ENUM_CONVERSION = YES;
				CLANG_WARN_INFINITE_RECURSION = YES;
				CLANG_WARN_INT_CONVERSION = YES;
				CLANG_WARN_NON_LITERAL_NULL_CONVERSION = YES;
				CLANG_WARN_OBJC_IMPLICIT_RETAIN_SELF = YES;
				CLANG_WARN_OBJC_LITERAL_CONVERSION = YES;
				CLANG_WARN_OBJC_ROOT_CLASS = YES_ERROR;
				CLANG_WARN_RANGE_LOOP_ANALYSIS = YES;
				CLANG_WARN_STRICT_PROTOTYPES = YES;
				CLANG_WARN_SUSPICIOUS_MOVE = YES;
				CLANG_WARN_UNGUARDED_AVAILABILITY = YES_AGGRESSIVE;
				CLANG_WARN_UNREACHABLE_CODE = YES;
				CLANG_WARN__DUPLICATE_METHOD_MATCH = YES;
				CODE_SIGN_IDENTITY = "iPhone Developer";
				COPY_PHASE_STRIP = NO;
				DEBUG_INFORMATION_FORMAT = "dwarf-with-dsym";
				ENABLE_NS_ASSERTIONS = NO;
				ENABLE_STRICT_OBJC_MSGSEND = YES;
				GCC_C_LANGUAGE_STANDARD = gnu11;
				GCC_NO_COMMON_BLOCKS = YES;
				GCC_WARN_64_TO_32_BIT_CONVERSION = YES;
				GCC_WARN_ABOUT_RETURN_TYPE = YES_ERROR;
				GCC_WARN_UNDECLARED_SELECTOR = YES;
				GCC_WARN_UNINITIALIZED_AUTOS = YES_AGGRESSIVE;
				GCC_WARN_UNUSED_FUNCTION = YES;
				GCC_WARN_UNUSED_VARIABLE = YES;
				IPHONEOS_DEPLOYMENT_TARGET = 12.0;
				MTL_ENABLE_DEBUG_INFO = NO;
				MTL_FAST_MATH = YES;
				SDKROOT = iphoneos;
				SWIFT_COMPILATION_MODE = wholemodule;
				SWIFT_OPTIMIZATION_LEVEL = "-O";
				VALIDATE_PRODUCT = YES;
			};
			name = Release;
		};
		A9F3338821559E4C002E159F /* Debug */ = {
			isa = XCBuildConfiguration;
			baseConfigurationReference = 27164690D00C92CA29463B7A /* Pods-CHTestClient.debug.xcconfig */;
			buildSettings = {
				ASSETCATALOG_COMPILER_APPICON_NAME = AppIcon;
				CODE_SIGN_STYLE = Automatic;
				DEVELOPMENT_TEAM = 97Y699Y6C7;
				INFOPLIST_FILE = CHTestClient/Info.plist;
				LD_RUNPATH_SEARCH_PATHS = (
					"$(inherited)",
					"@executable_path/Frameworks",
				);
				PRODUCT_BUNDLE_IDENTIFIER = aq.CHTestClient;
				PRODUCT_NAME = "$(TARGET_NAME)";
				SWIFT_VERSION = 4.2;
				TARGETED_DEVICE_FAMILY = "1,2";
			};
			name = Debug;
		};
		A9F3338921559E4C002E159F /* Release */ = {
			isa = XCBuildConfiguration;
			baseConfigurationReference = F4B8E9763D4C7036537585E0 /* Pods-CHTestClient.release.xcconfig */;
			buildSettings = {
				ASSETCATALOG_COMPILER_APPICON_NAME = AppIcon;
				CODE_SIGN_STYLE = Automatic;
				DEVELOPMENT_TEAM = 97Y699Y6C7;
				INFOPLIST_FILE = CHTestClient/Info.plist;
				LD_RUNPATH_SEARCH_PATHS = (
					"$(inherited)",
					"@executable_path/Frameworks",
				);
				PRODUCT_BUNDLE_IDENTIFIER = aq.CHTestClient;
				PRODUCT_NAME = "$(TARGET_NAME)";
				SWIFT_VERSION = 4.2;
				TARGETED_DEVICE_FAMILY = "1,2";
			};
			name = Release;
		};
/* End XCBuildConfiguration section */

/* Begin XCConfigurationList section */
		A9F3337021559E4B002E159F /* Build configuration list for PBXProject "CHTestClient" */ = {
			isa = XCConfigurationList;
			buildConfigurations = (
				A9F3338521559E4C002E159F /* Debug */,
				A9F3338621559E4C002E159F /* Release */,
			);
			defaultConfigurationIsVisible = 0;
			defaultConfigurationName = Release;
		};
		A9F3338721559E4C002E159F /* Build configuration list for PBXNativeTarget "CHTestClient" */ = {
			isa = XCConfigurationList;
			buildConfigurations = (
				A9F3338821559E4C002E159F /* Debug */,
				A9F3338921559E4C002E159F /* Release */,
			);
			defaultConfigurationIsVisible = 0;
			defaultConfigurationName = Release;
		};
/* End XCConfigurationList section */
	};
	rootObject = A9F3336D21559E4B002E159F /* Project object */;
}
